
Microsoft Visual Studio Solution File, Format Version 12.00
# Visual Studio Version 17
VisualStudioVersion = 17.8.34316.72
MinimumVisualStudioVersion = 10.0.40219.1
Project("{FAE04EC0-301F-11D3-BF4B-00C04F79EFBC}") = "chusongtool", "chusongtool.csproj", "{D58B08A5-F7C8-4599-8AB3-61BA30B6572C}"
EndProject
Global
	GlobalSection(SolutionConfigurationPlatforms) = preSolution
		Debug|Any CPU = Debug|Any CPU
		Release|Any CPU = Release|Any CPU
	EndGlobalSection
	GlobalSection(ProjectConfigurationPlatforms) = postSolution
		{D58B08A5-F7C8-4599-8AB3-61BA30B6572C}.Debug|Any CPU.ActiveCfg = Debug|Any CPU
		{D58B08A5-F7C8-4599-8AB3-61BA30B6572C}.Debug|Any CPU.Build.0 = Debug|Any CPU
		{D58B08A5-F7C8-4599-8AB3-61BA30B6572C}.Release|Any CPU.ActiveCfg = Release|Any CPU
		{D58B08A5-F7C8-4599-8AB3-61BA30B6572C}.Release|Any CPU.Build.0 = Release|Any CPU
	EndGlobalSection
	GlobalSection(SolutionProperties) = preSolution
		HideSolutionNode = FALSE
	EndGlobalSection
	GlobalSection(ExtensibilityGlobals) = postSolution
		SolutionGuid = {310DCD06-E016-4FE2-BF38-6F3EE5D937A9}
	EndGlobalSection
EndGlobal
